// !$*UTF8*$!
{
	archiveVersion = 1;
	classes = {
	};
	objectVersion = 56;
	objects = {

/* Begin PBXBuildFile section */
		3709773B2923AFF400A6CA52 /* BaseTabBarViewController.swift in Sources */ = {isa = PBXBuildFile; fileRef = 3709773A2923AFF400A6CA52 /* BaseTabBarViewController.swift */; };
		3709773D2923B55000A6CA52 /* HomeViewController.swift in Sources */ = {isa = PBXBuildFile; fileRef = 3709773C2923B55000A6CA52 /* HomeViewController.swift */; };
		3709773F2923B55900A6CA52 /* ShopViewController.swift in Sources */ = {isa = PBXBuildFile; fileRef = 3709773E2923B55900A6CA52 /* ShopViewController.swift */; };
		370977412923B56D00A6CA52 /* FriendViewController.swift in Sources */ = {isa = PBXBuildFile; fileRef = 370977402923B56D00A6CA52 /* FriendViewController.swift */; };
		371878E9291D1D6C00B91F98 /* BirthView.swift in Sources */ = {isa = PBXBuildFile; fileRef = 371878E8291D1D6C00B91F98 /* BirthView.swift */; };
		372FEF20291B700C004F3B16 /* Color + Extension.swift in Sources */ = {isa = PBXBuildFile; fileRef = 372FEF1F291B700C004F3B16 /* Color + Extension.swift */; };
		372FEF24291B76A6004F3B16 /* NotoSansKR-Medium.otf in Resources */ = {isa = PBXBuildFile; fileRef = 372FEF22291B76A6004F3B16 /* NotoSansKR-Medium.otf */; };
		372FEF25291B76A6004F3B16 /* NotoSansKR-Regular.otf in Resources */ = {isa = PBXBuildFile; fileRef = 372FEF23291B76A6004F3B16 /* NotoSansKR-Regular.otf */; };
		372FEF27291B790A004F3B16 /* Font + Extension.swift in Sources */ = {isa = PBXBuildFile; fileRef = 372FEF26291B790A004F3B16 /* Font + Extension.swift */; };
		372FEF55291BBCC1004F3B16 /* LoginCodeViewController.swift in Sources */ = {isa = PBXBuildFile; fileRef = 372FEF54291BBCC1004F3B16 /* LoginCodeViewController.swift */; };
		372FEF57291BEEAA004F3B16 /* UILabel + Extension.swift in Sources */ = {isa = PBXBuildFile; fileRef = 372FEF56291BEEA9004F3B16 /* UILabel + Extension.swift */; };
		372FEF5E291BF57F004F3B16 /* Layer + Extension.swift in Sources */ = {isa = PBXBuildFile; fileRef = 372FEF5D291BF57F004F3B16 /* Layer + Extension.swift */; };
		372FEF63291C039C004F3B16 /* NicknameViewController.swift in Sources */ = {isa = PBXBuildFile; fileRef = 372FEF62291C039C004F3B16 /* NicknameViewController.swift */; };
		372FEF65291C0561004F3B16 /* BirthViewController.swift in Sources */ = {isa = PBXBuildFile; fileRef = 372FEF64291C0561004F3B16 /* BirthViewController.swift */; };
		372FEF67291C09B2004F3B16 /* EmailViewController.swift in Sources */ = {isa = PBXBuildFile; fileRef = 372FEF66291C09B2004F3B16 /* EmailViewController.swift */; };
		372FEF69291C0ACF004F3B16 /* GenderViewController.swift in Sources */ = {isa = PBXBuildFile; fileRef = 372FEF68291C0ACF004F3B16 /* GenderViewController.swift */; };
		373119D7291CC39700B4CA8D /* IQKeyboardManagerSwift in Frameworks */ = {isa = PBXBuildFile; productRef = 373119D6291CC39700B4CA8D /* IQKeyboardManagerSwift */; };
		373AFBD62918D8C40019EB00 /* AppDelegate.swift in Sources */ = {isa = PBXBuildFile; fileRef = 373AFBD52918D8C40019EB00 /* AppDelegate.swift */; };
		373AFBD82918D8C40019EB00 /* SceneDelegate.swift in Sources */ = {isa = PBXBuildFile; fileRef = 373AFBD72918D8C40019EB00 /* SceneDelegate.swift */; };
		373AFBDA2918D8C40019EB00 /* ViewController.swift in Sources */ = {isa = PBXBuildFile; fileRef = 373AFBD92918D8C40019EB00 /* ViewController.swift */; };
		373AFBDD2918D8C40019EB00 /* Main.storyboard in Resources */ = {isa = PBXBuildFile; fileRef = 373AFBDB2918D8C40019EB00 /* Main.storyboard */; };
		373AFBDF2918D8C70019EB00 /* Assets.xcassets in Resources */ = {isa = PBXBuildFile; fileRef = 373AFBDE2918D8C70019EB00 /* Assets.xcassets */; };
		373AFBE22918D8C70019EB00 /* LaunchScreen.storyboard in Resources */ = {isa = PBXBuildFile; fileRef = 373AFBE02918D8C70019EB00 /* LaunchScreen.storyboard */; };
		373AFBEC2918D9980019EB00 /* .gitignore in Resources */ = {isa = PBXBuildFile; fileRef = 373AFBEB2918D9980019EB00 /* .gitignore */; };
		373AFBEE2918D9BF0019EB00 /* APIKey.swift in Sources */ = {isa = PBXBuildFile; fileRef = 373AFBED2918D9BF0019EB00 /* APIKey.swift */; };
		373AFBF22918E8820019EB00 /* SnapKit in Frameworks */ = {isa = PBXBuildFile; productRef = 373AFBF12918E8820019EB00 /* SnapKit */; };
		373AFBF82918ECA70019EB00 /* BaseViewController.swift in Sources */ = {isa = PBXBuildFile; fileRef = 373AFBF72918ECA70019EB00 /* BaseViewController.swift */; };
		373AFBFA2918ECE00019EB00 /* BaseView.swift in Sources */ = {isa = PBXBuildFile; fileRef = 373AFBF92918ECE00019EB00 /* BaseView.swift */; };
		373AFBFE2918F8D00019EB00 /* BaseCollectionViewCell.swift in Sources */ = {isa = PBXBuildFile; fileRef = 373AFBFD2918F8D00019EB00 /* BaseCollectionViewCell.swift */; };
		373AFC1E291944550019EB00 /* SecondViewController.swift in Sources */ = {isa = PBXBuildFile; fileRef = 373AFC1D291944550019EB00 /* SecondViewController.swift */; };
		373AFC202919445F0019EB00 /* ThirdViewController.swift in Sources */ = {isa = PBXBuildFile; fileRef = 373AFC1F2919445F0019EB00 /* ThirdViewController.swift */; };
		373AFC2929197EFD0019EB00 /* OnboadingViewController.swift in Sources */ = {isa = PBXBuildFile; fileRef = 373AFC2829197EFD0019EB00 /* OnboadingViewController.swift */; };
		373AFC3B291984380019EB00 /* FirstViewController.swift in Sources */ = {isa = PBXBuildFile; fileRef = 373AFC3A291984380019EB00 /* FirstViewController.swift */; };
		373AFC41291A3FE80019EB00 /* LoginViewController.swift in Sources */ = {isa = PBXBuildFile; fileRef = 373AFC40291A3FE80019EB00 /* LoginViewController.swift */; };
		373AFC43291A9A990019EB00 /* LoginView.swift in Sources */ = {isa = PBXBuildFile; fileRef = 373AFC42291A9A980019EB00 /* LoginView.swift */; };
		378C15A4291D23AD0016D72A /* BirthSubView.swift in Sources */ = {isa = PBXBuildFile; fileRef = 378C15A3291D23AD0016D72A /* BirthSubView.swift */; };
		37EE4FE9292352AA00523BDD /* InfoViewController.swift in Sources */ = {isa = PBXBuildFile; fileRef = 37EE4FE8292352AA00523BDD /* InfoViewController.swift */; };
		37EE4FEE2923541C00523BDD /* InfoTableView.swift in Sources */ = {isa = PBXBuildFile; fileRef = 37EE4FED2923541C00523BDD /* InfoTableView.swift */; };
		37EE4FF0292354CD00523BDD /* InfoTableViewCell.swift in Sources */ = {isa = PBXBuildFile; fileRef = 37EE4FEF292354CD00523BDD /* InfoTableViewCell.swift */; };
		37EE4FF2292354DD00523BDD /* BaseTablewViewCell.swift in Sources */ = {isa = PBXBuildFile; fileRef = 37EE4FF1292354DD00523BDD /* BaseTablewViewCell.swift */; };
		37EE4FF729235C4E00523BDD /* ReusableProtocol.swift in Sources */ = {isa = PBXBuildFile; fileRef = 37EE4FF629235C4E00523BDD /* ReusableProtocol.swift */; };
		37EE4FF92923901B00523BDD /* InfoDetailViewController.swift in Sources */ = {isa = PBXBuildFile; fileRef = 37EE4FF82923901B00523BDD /* InfoDetailViewController.swift */; };
		37EE4FFD292390F200523BDD /* InfoDetailView.swift in Sources */ = {isa = PBXBuildFile; fileRef = 37EE4FFC292390F200523BDD /* InfoDetailView.swift */; };
		37EE4FFF2923911F00523BDD /* InfoDetailViewCell.swift in Sources */ = {isa = PBXBuildFile; fileRef = 37EE4FFE2923911F00523BDD /* InfoDetailViewCell.swift */; };
		37F3EEC5291FC342002F2597 /* GenderView.swift in Sources */ = {isa = PBXBuildFile; fileRef = 37F3EEC4291FC342002F2597 /* GenderView.swift */; };
		37F3EEC92920C6E9002F2597 /* GoogleService-Info.plist in Resources */ = {isa = PBXBuildFile; fileRef = 37F3EEC82920C6E9002F2597 /* GoogleService-Info.plist */; };
		37F3EECC2920D6C5002F2597 /* Alamofire in Frameworks */ = {isa = PBXBuildFile; productRef = 37F3EECB2920D6C5002F2597 /* Alamofire */; };
		37F3EECF2920D800002F2597 /* APIService.swift in Sources */ = {isa = PBXBuildFile; fileRef = 37F3EECE2920D800002F2597 /* APIService.swift */; };
		37F3EED229210714002F2597 /* FirebaseAnalyticsWithoutAdIdSupport in Frameworks */ = {isa = PBXBuildFile; productRef = 37F3EED129210714002F2597 /* FirebaseAnalyticsWithoutAdIdSupport */; };
		37F3EED429210714002F2597 /* FirebaseAuth in Frameworks */ = {isa = PBXBuildFile; productRef = 37F3EED329210714002F2597 /* FirebaseAuth */; };
		37F3EED629210714002F2597 /* FirebaseMessaging in Frameworks */ = {isa = PBXBuildFile; productRef = 37F3EED529210714002F2597 /* FirebaseMessaging */; };
		37F3EED829211281002F2597 /* EndPoint.swift in Sources */ = {isa = PBXBuildFile; fileRef = 37F3EED729211281002F2597 /* EndPoint.swift */; };
/* End PBXBuildFile section */

/* Begin PBXFileReference section */
		3709773A2923AFF400A6CA52 /* BaseTabBarViewController.swift */ = {isa = PBXFileReference; lastKnownFileType = sourcecode.swift; path = BaseTabBarViewController.swift; sourceTree = "<group>"; };
		3709773C2923B55000A6CA52 /* HomeViewController.swift */ = {isa = PBXFileReference; lastKnownFileType = sourcecode.swift; path = HomeViewController.swift; sourceTree = "<group>"; };
		3709773E2923B55900A6CA52 /* ShopViewController.swift */ = {isa = PBXFileReference; lastKnownFileType = sourcecode.swift; path = ShopViewController.swift; sourceTree = "<group>"; };
		370977402923B56D00A6CA52 /* FriendViewController.swift */ = {isa = PBXFileReference; lastKnownFileType = sourcecode.swift; path = FriendViewController.swift; sourceTree = "<group>"; };
		3713F99F291E385B00436DBA /* SeSACStudy.entitlements */ = {isa = PBXFileReference; lastKnownFileType = text.plist.entitlements; path = SeSACStudy.entitlements; sourceTree = "<group>"; };
		371878E8291D1D6C00B91F98 /* BirthView.swift */ = {isa = PBXFileReference; lastKnownFileType = sourcecode.swift; path = BirthView.swift; sourceTree = "<group>"; };
		372FEF1F291B700C004F3B16 /* Color + Extension.swift */ = {isa = PBXFileReference; lastKnownFileType = sourcecode.swift; path = "Color + Extension.swift"; sourceTree = "<group>"; };
		372FEF22291B76A6004F3B16 /* NotoSansKR-Medium.otf */ = {isa = PBXFileReference; lastKnownFileType = file; path = "NotoSansKR-Medium.otf"; sourceTree = "<group>"; };
		372FEF23291B76A6004F3B16 /* NotoSansKR-Regular.otf */ = {isa = PBXFileReference; lastKnownFileType = file; path = "NotoSansKR-Regular.otf"; sourceTree = "<group>"; };
		372FEF26291B790A004F3B16 /* Font + Extension.swift */ = {isa = PBXFileReference; lastKnownFileType = sourcecode.swift; path = "Font + Extension.swift"; sourceTree = "<group>"; };
		372FEF54291BBCC1004F3B16 /* LoginCodeViewController.swift */ = {isa = PBXFileReference; lastKnownFileType = sourcecode.swift; path = LoginCodeViewController.swift; sourceTree = "<group>"; };
		372FEF56291BEEA9004F3B16 /* UILabel + Extension.swift */ = {isa = PBXFileReference; lastKnownFileType = sourcecode.swift; path = "UILabel + Extension.swift"; sourceTree = "<group>"; };
		372FEF5D291BF57F004F3B16 /* Layer + Extension.swift */ = {isa = PBXFileReference; lastKnownFileType = sourcecode.swift; path = "Layer + Extension.swift"; sourceTree = "<group>"; };
		372FEF62291C039C004F3B16 /* NicknameViewController.swift */ = {isa = PBXFileReference; lastKnownFileType = sourcecode.swift; path = NicknameViewController.swift; sourceTree = "<group>"; };
		372FEF64291C0561004F3B16 /* BirthViewController.swift */ = {isa = PBXFileReference; lastKnownFileType = sourcecode.swift; path = BirthViewController.swift; sourceTree = "<group>"; };
		372FEF66291C09B2004F3B16 /* EmailViewController.swift */ = {isa = PBXFileReference; lastKnownFileType = sourcecode.swift; path = EmailViewController.swift; sourceTree = "<group>"; };
		372FEF68291C0ACF004F3B16 /* GenderViewController.swift */ = {isa = PBXFileReference; lastKnownFileType = sourcecode.swift; path = GenderViewController.swift; sourceTree = "<group>"; };
		373AFBD22918D8C40019EB00 /* SeSACStudy.app */ = {isa = PBXFileReference; explicitFileType = wrapper.application; includeInIndex = 0; path = SeSACStudy.app; sourceTree = BUILT_PRODUCTS_DIR; };
		373AFBD52918D8C40019EB00 /* AppDelegate.swift */ = {isa = PBXFileReference; lastKnownFileType = sourcecode.swift; path = AppDelegate.swift; sourceTree = "<group>"; };
		373AFBD72918D8C40019EB00 /* SceneDelegate.swift */ = {isa = PBXFileReference; lastKnownFileType = sourcecode.swift; path = SceneDelegate.swift; sourceTree = "<group>"; };
		373AFBD92918D8C40019EB00 /* ViewController.swift */ = {isa = PBXFileReference; lastKnownFileType = sourcecode.swift; path = ViewController.swift; sourceTree = "<group>"; };
		373AFBDC2918D8C40019EB00 /* Base */ = {isa = PBXFileReference; lastKnownFileType = file.storyboard; name = Base; path = Base.lproj/Main.storyboard; sourceTree = "<group>"; };
		373AFBDE2918D8C70019EB00 /* Assets.xcassets */ = {isa = PBXFileReference; lastKnownFileType = folder.assetcatalog; path = Assets.xcassets; sourceTree = "<group>"; };
		373AFBE12918D8C70019EB00 /* Base */ = {isa = PBXFileReference; lastKnownFileType = file.storyboard; name = Base; path = Base.lproj/LaunchScreen.storyboard; sourceTree = "<group>"; };
		373AFBE32918D8C70019EB00 /* Info.plist */ = {isa = PBXFileReference; lastKnownFileType = text.plist.xml; path = Info.plist; sourceTree = "<group>"; };
		373AFBEB2918D9980019EB00 /* .gitignore */ = {isa = PBXFileReference; lastKnownFileType = text; path = .gitignore; sourceTree = "<group>"; };
		373AFBED2918D9BF0019EB00 /* APIKey.swift */ = {isa = PBXFileReference; lastKnownFileType = sourcecode.swift; path = APIKey.swift; sourceTree = "<group>"; };
		373AFBF72918ECA70019EB00 /* BaseViewController.swift */ = {isa = PBXFileReference; lastKnownFileType = sourcecode.swift; path = BaseViewController.swift; sourceTree = "<group>"; };
		373AFBF92918ECE00019EB00 /* BaseView.swift */ = {isa = PBXFileReference; lastKnownFileType = sourcecode.swift; path = BaseView.swift; sourceTree = "<group>"; };
		373AFBFD2918F8D00019EB00 /* BaseCollectionViewCell.swift */ = {isa = PBXFileReference; lastKnownFileType = sourcecode.swift; path = BaseCollectionViewCell.swift; sourceTree = "<group>"; };
		373AFC1D291944550019EB00 /* SecondViewController.swift */ = {isa = PBXFileReference; lastKnownFileType = sourcecode.swift; path = SecondViewController.swift; sourceTree = "<group>"; };
		373AFC1F2919445F0019EB00 /* ThirdViewController.swift */ = {isa = PBXFileReference; lastKnownFileType = sourcecode.swift; path = ThirdViewController.swift; sourceTree = "<group>"; };
		373AFC2829197EFD0019EB00 /* OnboadingViewController.swift */ = {isa = PBXFileReference; lastKnownFileType = sourcecode.swift; path = OnboadingViewController.swift; sourceTree = "<group>"; };
		373AFC3A291984380019EB00 /* FirstViewController.swift */ = {isa = PBXFileReference; lastKnownFileType = sourcecode.swift; path = FirstViewController.swift; sourceTree = "<group>"; };
		373AFC40291A3FE80019EB00 /* LoginViewController.swift */ = {isa = PBXFileReference; lastKnownFileType = sourcecode.swift; path = LoginViewController.swift; sourceTree = "<group>"; };
		373AFC42291A9A980019EB00 /* LoginView.swift */ = {isa = PBXFileReference; lastKnownFileType = sourcecode.swift; path = LoginView.swift; sourceTree = "<group>"; };
		378C15A3291D23AD0016D72A /* BirthSubView.swift */ = {isa = PBXFileReference; lastKnownFileType = sourcecode.swift; path = BirthSubView.swift; sourceTree = "<group>"; };
		37EE4FE8292352AA00523BDD /* InfoViewController.swift */ = {isa = PBXFileReference; lastKnownFileType = sourcecode.swift; path = InfoViewController.swift; sourceTree = "<group>"; };
		37EE4FED2923541C00523BDD /* InfoTableView.swift */ = {isa = PBXFileReference; lastKnownFileType = sourcecode.swift; path = InfoTableView.swift; sourceTree = "<group>"; };
		37EE4FEF292354CD00523BDD /* InfoTableViewCell.swift */ = {isa = PBXFileReference; lastKnownFileType = sourcecode.swift; path = InfoTableViewCell.swift; sourceTree = "<group>"; };
		37EE4FF1292354DD00523BDD /* BaseTablewViewCell.swift */ = {isa = PBXFileReference; lastKnownFileType = sourcecode.swift; path = BaseTablewViewCell.swift; sourceTree = "<group>"; };
		37EE4FF629235C4E00523BDD /* ReusableProtocol.swift */ = {isa = PBXFileReference; lastKnownFileType = sourcecode.swift; path = ReusableProtocol.swift; sourceTree = "<group>"; };
		37EE4FF82923901B00523BDD /* InfoDetailViewController.swift */ = {isa = PBXFileReference; lastKnownFileType = sourcecode.swift; path = InfoDetailViewController.swift; sourceTree = "<group>"; };
		37EE4FFC292390F200523BDD /* InfoDetailView.swift */ = {isa = PBXFileReference; lastKnownFileType = sourcecode.swift; path = InfoDetailView.swift; sourceTree = "<group>"; };
		37EE4FFE2923911F00523BDD /* InfoDetailViewCell.swift */ = {isa = PBXFileReference; lastKnownFileType = sourcecode.swift; path = InfoDetailViewCell.swift; sourceTree = "<group>"; };
		37F3EEC4291FC342002F2597 /* GenderView.swift */ = {isa = PBXFileReference; lastKnownFileType = sourcecode.swift; path = GenderView.swift; sourceTree = "<group>"; };
		37F3EEC82920C6E9002F2597 /* GoogleService-Info.plist */ = {isa = PBXFileReference; fileEncoding = 4; lastKnownFileType = text.plist.xml; path = "GoogleService-Info.plist"; sourceTree = "<group>"; };
		37F3EECE2920D800002F2597 /* APIService.swift */ = {isa = PBXFileReference; lastKnownFileType = sourcecode.swift; path = APIService.swift; sourceTree = "<group>"; };
		37F3EED729211281002F2597 /* EndPoint.swift */ = {isa = PBXFileReference; lastKnownFileType = sourcecode.swift; path = EndPoint.swift; sourceTree = "<group>"; };
/* End PBXFileReference section */

/* Begin PBXFrameworksBuildPhase section */
		373AFBCF2918D8C40019EB00 /* Frameworks */ = {
			isa = PBXFrameworksBuildPhase;
			buildActionMask = 2147483647;
			files = (
				37F3EED629210714002F2597 /* FirebaseMessaging in Frameworks */,
				37F3EECC2920D6C5002F2597 /* Alamofire in Frameworks */,
				37F3EED429210714002F2597 /* FirebaseAuth in Frameworks */,
				373AFBF22918E8820019EB00 /* SnapKit in Frameworks */,
				373119D7291CC39700B4CA8D /* IQKeyboardManagerSwift in Frameworks */,
				37F3EED229210714002F2597 /* FirebaseAnalyticsWithoutAdIdSupport in Frameworks */,
			);
			runOnlyForDeploymentPostprocessing = 0;
		};
/* End PBXFrameworksBuildPhase section */

/* Begin PBXGroup section */
		371878E5291D03F000B91F98 /* Controller */ = {
			isa = PBXGroup;
			children = (
				371878E6291D041D00B91F98 /* Login */,
				372FEF61291C0381004F3B16 /* Member */,
			);
			path = Controller;
			sourceTree = "<group>";
		};
		371878E6291D041D00B91F98 /* Login */ = {
			isa = PBXGroup;
			children = (
				373AFC40291A3FE80019EB00 /* LoginViewController.swift */,
				372FEF54291BBCC1004F3B16 /* LoginCodeViewController.swift */,
			);
			path = Login;
			sourceTree = "<group>";
		};
		371878E7291D044D00B91F98 /* View */ = {
			isa = PBXGroup;
			children = (
				37F3EEC3291FC0CB002F2597 /* Gender */,
				37F3EEC2291FC0C1002F2597 /* Birth */,
				37F3EEC1291FC0B7002F2597 /* Common */,
			);
			path = View;
			sourceTree = "<group>";
		};
		372FEF1E291B6FDA004F3B16 /* Custom */ = {
			isa = PBXGroup;
			children = (
				372FEF1F291B700C004F3B16 /* Color + Extension.swift */,
				372FEF26291B790A004F3B16 /* Font + Extension.swift */,
				372FEF56291BEEA9004F3B16 /* UILabel + Extension.swift */,
				372FEF5D291BF57F004F3B16 /* Layer + Extension.swift */,
			);
			path = Custom;
			sourceTree = "<group>";
		};
		372FEF21291B7658004F3B16 /* Fonts */ = {
			isa = PBXGroup;
			children = (
				372FEF22291B76A6004F3B16 /* NotoSansKR-Medium.otf */,
				372FEF23291B76A6004F3B16 /* NotoSansKR-Regular.otf */,
			);
			path = Fonts;
			sourceTree = "<group>";
		};
		372FEF61291C0381004F3B16 /* Member */ = {
			isa = PBXGroup;
			children = (
				372FEF62291C039C004F3B16 /* NicknameViewController.swift */,
				372FEF64291C0561004F3B16 /* BirthViewController.swift */,
				372FEF66291C09B2004F3B16 /* EmailViewController.swift */,
				372FEF68291C0ACF004F3B16 /* GenderViewController.swift */,
			);
			path = Member;
			sourceTree = "<group>";
		};
		373AFBC92918D8C40019EB00 = {
			isa = PBXGroup;
			children = (
				373AFBEB2918D9980019EB00 /* .gitignore */,
				373AFBD42918D8C40019EB00 /* SeSACStudy */,
				373AFBD32918D8C40019EB00 /* Products */,
			);
			sourceTree = "<group>";
		};
		373AFBD32918D8C40019EB00 /* Products */ = {
			isa = PBXGroup;
			children = (
				373AFBD22918D8C40019EB00 /* SeSACStudy.app */,
			);
			name = Products;
			sourceTree = "<group>";
		};
		373AFBD42918D8C40019EB00 /* SeSACStudy */ = {
			isa = PBXGroup;
			children = (
				3713F99F291E385B00436DBA /* SeSACStudy.entitlements */,
				373AFBEF2918D9EB0019EB00 /* Key */,
				372FEF1E291B6FDA004F3B16 /* Custom */,
				37F3EECD2920D7ED002F2597 /* Network */,
				372FEF21291B7658004F3B16 /* Fonts */,
				373AFBF62918EC930019EB00 /* Contant */,
				37EE4FF32923565E00523BDD /* Info */,
				373AFC3F291A3B070019EB00 /* Membership */,
				373AFBF32918EA780019EB00 /* Onboading */,
				373AFBD52918D8C40019EB00 /* AppDelegate.swift */,
				373AFBD72918D8C40019EB00 /* SceneDelegate.swift */,
				373AFBD92918D8C40019EB00 /* ViewController.swift */,
				373AFBDB2918D8C40019EB00 /* Main.storyboard */,
				373AFBDE2918D8C70019EB00 /* Assets.xcassets */,
				373AFBE02918D8C70019EB00 /* LaunchScreen.storyboard */,
				373AFBE32918D8C70019EB00 /* Info.plist */,
			);
			path = SeSACStudy;
			sourceTree = "<group>";
		};
		373AFBEF2918D9EB0019EB00 /* Key */ = {
			isa = PBXGroup;
			children = (
				37F3EEC82920C6E9002F2597 /* GoogleService-Info.plist */,
				373AFBED2918D9BF0019EB00 /* APIKey.swift */,
			);
			path = Key;
			sourceTree = "<group>";
		};
		373AFBF32918EA780019EB00 /* Onboading */ = {
			isa = PBXGroup;
			children = (
				373AFC2829197EFD0019EB00 /* OnboadingViewController.swift */,
				373AFC3A291984380019EB00 /* FirstViewController.swift */,
				373AFC1D291944550019EB00 /* SecondViewController.swift */,
				373AFC1F2919445F0019EB00 /* ThirdViewController.swift */,
			);
			path = Onboading;
			sourceTree = "<group>";
		};
		373AFBF62918EC930019EB00 /* Contant */ = {
			isa = PBXGroup;
			children = (
				373AFBF72918ECA70019EB00 /* BaseViewController.swift */,
				373AFBF92918ECE00019EB00 /* BaseView.swift */,
				373AFBFD2918F8D00019EB00 /* BaseCollectionViewCell.swift */,
				37EE4FF1292354DD00523BDD /* BaseTablewViewCell.swift */,
				37EE4FF629235C4E00523BDD /* ReusableProtocol.swift */,
			);
			path = Contant;
			sourceTree = "<group>";
		};
		373AFC3F291A3B070019EB00 /* Membership */ = {
			isa = PBXGroup;
			children = (
				371878E7291D044D00B91F98 /* View */,
				371878E5291D03F000B91F98 /* Controller */,
			);
			path = Membership;
			sourceTree = "<group>";
		};
		37EE4FF32923565E00523BDD /* Info */ = {
			isa = PBXGroup;
			children = (
				37EE4FF4292356A700523BDD /* View */,
				37EE4FF5292356AE00523BDD /* Controller */,
			);
			path = Info;
			sourceTree = "<group>";
		};
		37EE4FF4292356A700523BDD /* View */ = {
			isa = PBXGroup;
			children = (
				37EE4FFB292390DE00523BDD /* InfoDetail */,
				37EE4FFA292390D100523BDD /* Info */,
			);
			path = View;
			sourceTree = "<group>";
		};
		37EE4FF5292356AE00523BDD /* Controller */ = {
			isa = PBXGroup;
			children = (
				37EE4FE8292352AA00523BDD /* InfoViewController.swift */,
				37EE4FF82923901B00523BDD /* InfoDetailViewController.swift */,
				3709773A2923AFF400A6CA52 /* BaseTabBarViewController.swift */,
				3709773C2923B55000A6CA52 /* HomeViewController.swift */,
				3709773E2923B55900A6CA52 /* ShopViewController.swift */,
				370977402923B56D00A6CA52 /* FriendViewController.swift */,
			);
			path = Controller;
			sourceTree = "<group>";
		};
		37EE4FFA292390D100523BDD /* Info */ = {
			isa = PBXGroup;
			children = (
				37EE4FED2923541C00523BDD /* InfoTableView.swift */,
				37EE4FEF292354CD00523BDD /* InfoTableViewCell.swift */,
			);
			path = Info;
			sourceTree = "<group>";
		};
		37EE4FFB292390DE00523BDD /* InfoDetail */ = {
			isa = PBXGroup;
			children = (
				37EE4FFC292390F200523BDD /* InfoDetailView.swift */,
				37EE4FFE2923911F00523BDD /* InfoDetailViewCell.swift */,
			);
			path = InfoDetail;
			sourceTree = "<group>";
		};
		37F3EEC1291FC0B7002F2597 /* Common */ = {
			isa = PBXGroup;
			children = (
				373AFC42291A9A980019EB00 /* LoginView.swift */,
			);
			path = Common;
			sourceTree = "<group>";
		};
		37F3EEC2291FC0C1002F2597 /* Birth */ = {
			isa = PBXGroup;
			children = (
				371878E8291D1D6C00B91F98 /* BirthView.swift */,
				378C15A3291D23AD0016D72A /* BirthSubView.swift */,
			);
			path = Birth;
			sourceTree = "<group>";
		};
		37F3EEC3291FC0CB002F2597 /* Gender */ = {
			isa = PBXGroup;
			children = (
				37F3EEC4291FC342002F2597 /* GenderView.swift */,
			);
			path = Gender;
			sourceTree = "<group>";
		};
		37F3EECD2920D7ED002F2597 /* Network */ = {
			isa = PBXGroup;
			children = (
				37F3EECE2920D800002F2597 /* APIService.swift */,
				37F3EED729211281002F2597 /* EndPoint.swift */,
			);
			path = Network;
			sourceTree = "<group>";
		};
/* End PBXGroup section */

/* Begin PBXNativeTarget section */
		373AFBD12918D8C40019EB00 /* SeSACStudy */ = {
			isa = PBXNativeTarget;
			buildConfigurationList = 373AFBE62918D8C70019EB00 /* Build configuration list for PBXNativeTarget "SeSACStudy" */;
			buildPhases = (
				373AFBCE2918D8C40019EB00 /* Sources */,
				373AFBCF2918D8C40019EB00 /* Frameworks */,
				373AFBD02918D8C40019EB00 /* Resources */,
			);
			buildRules = (
			);
			dependencies = (
			);
			name = SeSACStudy;
			packageProductDependencies = (
				373AFBF12918E8820019EB00 /* SnapKit */,
				373119D6291CC39700B4CA8D /* IQKeyboardManagerSwift */,
				37F3EECB2920D6C5002F2597 /* Alamofire */,
				37F3EED129210714002F2597 /* FirebaseAnalyticsWithoutAdIdSupport */,
				37F3EED329210714002F2597 /* FirebaseAuth */,
				37F3EED529210714002F2597 /* FirebaseMessaging */,
			);
			productName = SeSACStudy;
			productReference = 373AFBD22918D8C40019EB00 /* SeSACStudy.app */;
			productType = "com.apple.product-type.application";
		};
/* End PBXNativeTarget section */

/* Begin PBXProject section */
		373AFBCA2918D8C40019EB00 /* Project object */ = {
			isa = PBXProject;
			attributes = {
				BuildIndependentTargetsInParallel = 1;
				LastSwiftUpdateCheck = 1400;
				LastUpgradeCheck = 1400;
				TargetAttributes = {
					373AFBD12918D8C40019EB00 = {
						CreatedOnToolsVersion = 14.0.1;
					};
				};
			};
			buildConfigurationList = 373AFBCD2918D8C40019EB00 /* Build configuration list for PBXProject "SeSACStudy" */;
			compatibilityVersion = "Xcode 14.0";
			developmentRegion = en;
			hasScannedForEncodings = 0;
			knownRegions = (
				en,
				Base,
			);
			mainGroup = 373AFBC92918D8C40019EB00;
			packageReferences = (
				373AFBF02918E8820019EB00 /* XCRemoteSwiftPackageReference "SnapKit" */,
				373119D5291CC39700B4CA8D /* XCRemoteSwiftPackageReference "IQKeyboardManager" */,
				37F3EECA2920D6C5002F2597 /* XCRemoteSwiftPackageReference "Alamofire" */,
				37F3EED029210714002F2597 /* XCRemoteSwiftPackageReference "firebase-ios-sdk" */,
			);
			productRefGroup = 373AFBD32918D8C40019EB00 /* Products */;
			projectDirPath = "";
			projectRoot = "";
			targets = (
				373AFBD12918D8C40019EB00 /* SeSACStudy */,
			);
		};
/* End PBXProject section */

/* Begin PBXResourcesBuildPhase section */
		373AFBD02918D8C40019EB00 /* Resources */ = {
			isa = PBXResourcesBuildPhase;
			buildActionMask = 2147483647;
			files = (
				373AFBEC2918D9980019EB00 /* .gitignore in Resources */,
				373AFBE22918D8C70019EB00 /* LaunchScreen.storyboard in Resources */,
				372FEF24291B76A6004F3B16 /* NotoSansKR-Medium.otf in Resources */,
				373AFBDF2918D8C70019EB00 /* Assets.xcassets in Resources */,
				372FEF25291B76A6004F3B16 /* NotoSansKR-Regular.otf in Resources */,
				373AFBDD2918D8C40019EB00 /* Main.storyboard in Resources */,
				37F3EEC92920C6E9002F2597 /* GoogleService-Info.plist in Resources */,
			);
			runOnlyForDeploymentPostprocessing = 0;
		};
/* End PBXResourcesBuildPhase section */

/* Begin PBXSourcesBuildPhase section */
		373AFBCE2918D8C40019EB00 /* Sources */ = {
			isa = PBXSourcesBuildPhase;
			buildActionMask = 2147483647;
			files = (
				373AFC41291A3FE80019EB00 /* LoginViewController.swift in Sources */,
				37EE4FFD292390F200523BDD /* InfoDetailView.swift in Sources */,
				373AFBDA2918D8C40019EB00 /* ViewController.swift in Sources */,
				3709773D2923B55000A6CA52 /* HomeViewController.swift in Sources */,
				373AFBFE2918F8D00019EB00 /* BaseCollectionViewCell.swift in Sources */,
				3709773B2923AFF400A6CA52 /* BaseTabBarViewController.swift in Sources */,
				378C15A4291D23AD0016D72A /* BirthSubView.swift in Sources */,
				37EE4FF2292354DD00523BDD /* BaseTablewViewCell.swift in Sources */,
				373AFBD62918D8C40019EB00 /* AppDelegate.swift in Sources */,
				372FEF69291C0ACF004F3B16 /* GenderViewController.swift in Sources */,
				3709773F2923B55900A6CA52 /* ShopViewController.swift in Sources */,
				373AFBEE2918D9BF0019EB00 /* APIKey.swift in Sources */,
				373AFC3B291984380019EB00 /* FirstViewController.swift in Sources */,
				37EE4FFF2923911F00523BDD /* InfoDetailViewCell.swift in Sources */,
				373AFBFA2918ECE00019EB00 /* BaseView.swift in Sources */,
				370977412923B56D00A6CA52 /* FriendViewController.swift in Sources */,
				372FEF5E291BF57F004F3B16 /* Layer + Extension.swift in Sources */,
				37EE4FE9292352AA00523BDD /* InfoViewController.swift in Sources */,
				373AFBD82918D8C40019EB00 /* SceneDelegate.swift in Sources */,
				371878E9291D1D6C00B91F98 /* BirthView.swift in Sources */,
				372FEF67291C09B2004F3B16 /* EmailViewController.swift in Sources */,
				37EE4FF92923901B00523BDD /* InfoDetailViewController.swift in Sources */,
				372FEF57291BEEAA004F3B16 /* UILabel + Extension.swift in Sources */,
				373AFC202919445F0019EB00 /* ThirdViewController.swift in Sources */,
				373AFC2929197EFD0019EB00 /* OnboadingViewController.swift in Sources */,
				373AFC43291A9A990019EB00 /* LoginView.swift in Sources */,
				372FEF55291BBCC1004F3B16 /* LoginCodeViewController.swift in Sources */,
				372FEF20291B700C004F3B16 /* Color + Extension.swift in Sources */,
				37EE4FEE2923541C00523BDD /* InfoTableView.swift in Sources */,
				37EE4FF729235C4E00523BDD /* ReusableProtocol.swift in Sources */,
				37EE4FF0292354CD00523BDD /* InfoTableViewCell.swift in Sources */,
				373AFC1E291944550019EB00 /* SecondViewController.swift in Sources */,
				372FEF27291B790A004F3B16 /* Font + Extension.swift in Sources */,
				37F3EEC5291FC342002F2597 /* GenderView.swift in Sources */,
				37F3EECF2920D800002F2597 /* APIService.swift in Sources */,
				372FEF65291C0561004F3B16 /* BirthViewController.swift in Sources */,
				373AFBF82918ECA70019EB00 /* BaseViewController.swift in Sources */,
				37F3EED829211281002F2597 /* EndPoint.swift in Sources */,
				372FEF63291C039C004F3B16 /* NicknameViewController.swift in Sources */,
			);
			runOnlyForDeploymentPostprocessing = 0;
		};
/* End PBXSourcesBuildPhase section */

/* Begin PBXVariantGroup section */
		373AFBDB2918D8C40019EB00 /* Main.storyboard */ = {
			isa = PBXVariantGroup;
			children = (
				373AFBDC2918D8C40019EB00 /* Base */,
			);
			name = Main.storyboard;
			sourceTree = "<group>";
		};
		373AFBE02918D8C70019EB00 /* LaunchScreen.storyboard */ = {
			isa = PBXVariantGroup;
			children = (
				373AFBE12918D8C70019EB00 /* Base */,
			);
			name = LaunchScreen.storyboard;
			sourceTree = "<group>";
		};
/* End PBXVariantGroup section */

/* Begin XCBuildConfiguration section */
		373AFBE42918D8C70019EB00 /* Debug */ = {
			isa = XCBuildConfiguration;
			buildSettings = {
				ALWAYS_SEARCH_USER_PATHS = NO;
				CLANG_ANALYZER_NONNULL = YES;
				CLANG_ANALYZER_NUMBER_OBJECT_CONVERSION = YES_AGGRESSIVE;
				CLANG_CXX_LANGUAGE_STANDARD = "gnu++20";
				CLANG_ENABLE_MODULES = YES;
				CLANG_ENABLE_OBJC_ARC = YES;
				CLANG_ENABLE_OBJC_WEAK = YES;
				CLANG_WARN_BLOCK_CAPTURE_AUTORELEASING = YES;
				CLANG_WARN_BOOL_CONVERSION = YES;
				CLANG_WARN_COMMA = YES;
				CLANG_WARN_CONSTANT_CONVERSION = YES;
				CLANG_WARN_DEPRECATED_OBJC_IMPLEMENTATIONS = YES;
				CLANG_WARN_DIRECT_OBJC_ISA_USAGE = YES_ERROR;
				CLANG_WARN_DOCUMENTATION_COMMENTS = YES;
				CLANG_WARN_EMPTY_BODY = YES;
				CLANG_WARN_ENUM_CONVERSION = YES;
				CLANG_WARN_INFINITE_RECURSION = YES;
				CLANG_WARN_INT_CONVERSION = YES;
				CLANG_WARN_NON_LITERAL_NULL_CONVERSION = YES;
				CLANG_WARN_OBJC_IMPLICIT_RETAIN_SELF = YES;
				CLANG_WARN_OBJC_LITERAL_CONVERSION = YES;
				CLANG_WARN_OBJC_ROOT_CLASS = YES_ERROR;
				CLANG_WARN_QUOTED_INCLUDE_IN_FRAMEWORK_HEADER = YES;
				CLANG_WARN_RANGE_LOOP_ANALYSIS = YES;
				CLANG_WARN_STRICT_PROTOTYPES = YES;
				CLANG_WARN_SUSPICIOUS_MOVE = YES;
				CLANG_WARN_UNGUARDED_AVAILABILITY = YES_AGGRESSIVE;
				CLANG_WARN_UNREACHABLE_CODE = YES;
				CLANG_WARN__DUPLICATE_METHOD_MATCH = YES;
				COPY_PHASE_STRIP = NO;
				DEBUG_INFORMATION_FORMAT = dwarf;
				ENABLE_STRICT_OBJC_MSGSEND = YES;
				ENABLE_TESTABILITY = YES;
				GCC_C_LANGUAGE_STANDARD = gnu11;
				GCC_DYNAMIC_NO_PIC = NO;
				GCC_NO_COMMON_BLOCKS = YES;
				GCC_OPTIMIZATION_LEVEL = 0;
				GCC_PREPROCESSOR_DEFINITIONS = (
					"DEBUG=1",
					"$(inherited)",
				);
				GCC_WARN_64_TO_32_BIT_CONVERSION = YES;
				GCC_WARN_ABOUT_RETURN_TYPE = YES_ERROR;
				GCC_WARN_UNDECLARED_SELECTOR = YES;
				GCC_WARN_UNINITIALIZED_AUTOS = YES_AGGRESSIVE;
				GCC_WARN_UNUSED_FUNCTION = YES;
				GCC_WARN_UNUSED_VARIABLE = YES;
				IPHONEOS_DEPLOYMENT_TARGET = 16.0;
				MTL_ENABLE_DEBUG_INFO = INCLUDE_SOURCE;
				MTL_FAST_MATH = YES;
				ONLY_ACTIVE_ARCH = YES;
				SDKROOT = iphoneos;
				SWIFT_ACTIVE_COMPILATION_CONDITIONS = DEBUG;
				SWIFT_OPTIMIZATION_LEVEL = "-Onone";
			};
			name = Debug;
		};
		373AFBE52918D8C70019EB00 /* Release */ = {
			isa = XCBuildConfiguration;
			buildSettings = {
				ALWAYS_SEARCH_USER_PATHS = NO;
				CLANG_ANALYZER_NONNULL = YES;
				CLANG_ANALYZER_NUMBER_OBJECT_CONVERSION = YES_AGGRESSIVE;
				CLANG_CXX_LANGUAGE_STANDARD = "gnu++20";
				CLANG_ENABLE_MODULES = YES;
				CLANG_ENABLE_OBJC_ARC = YES;
				CLANG_ENABLE_OBJC_WEAK = YES;
				CLANG_WARN_BLOCK_CAPTURE_AUTORELEASING = YES;
				CLANG_WARN_BOOL_CONVERSION = YES;
				CLANG_WARN_COMMA = YES;
				CLANG_WARN_CONSTANT_CONVERSION = YES;
				CLANG_WARN_DEPRECATED_OBJC_IMPLEMENTATIONS = YES;
				CLANG_WARN_DIRECT_OBJC_ISA_USAGE = YES_ERROR;
				CLANG_WARN_DOCUMENTATION_COMMENTS = YES;
				CLANG_WARN_EMPTY_BODY = YES;
				CLANG_WARN_ENUM_CONVERSION = YES;
				CLANG_WARN_INFINITE_RECURSION = YES;
				CLANG_WARN_INT_CONVERSION = YES;
				CLANG_WARN_NON_LITERAL_NULL_CONVERSION = YES;
				CLANG_WARN_OBJC_IMPLICIT_RETAIN_SELF = YES;
				CLANG_WARN_OBJC_LITERAL_CONVERSION = YES;
				CLANG_WARN_OBJC_ROOT_CLASS = YES_ERROR;
				CLANG_WARN_QUOTED_INCLUDE_IN_FRAMEWORK_HEADER = YES;
				CLANG_WARN_RANGE_LOOP_ANALYSIS = YES;
				CLANG_WARN_STRICT_PROTOTYPES = YES;
				CLANG_WARN_SUSPICIOUS_MOVE = YES;
				CLANG_WARN_UNGUARDED_AVAILABILITY = YES_AGGRESSIVE;
				CLANG_WARN_UNREACHABLE_CODE = YES;
				CLANG_WARN__DUPLICATE_METHOD_MATCH = YES;
				COPY_PHASE_STRIP = NO;
				DEBUG_INFORMATION_FORMAT = "dwarf-with-dsym";
				ENABLE_NS_ASSERTIONS = NO;
				ENABLE_STRICT_OBJC_MSGSEND = YES;
				GCC_C_LANGUAGE_STANDARD = gnu11;
				GCC_NO_COMMON_BLOCKS = YES;
				GCC_WARN_64_TO_32_BIT_CONVERSION = YES;
				GCC_WARN_ABOUT_RETURN_TYPE = YES_ERROR;
				GCC_WARN_UNDECLARED_SELECTOR = YES;
				GCC_WARN_UNINITIALIZED_AUTOS = YES_AGGRESSIVE;
				GCC_WARN_UNUSED_FUNCTION = YES;
				GCC_WARN_UNUSED_VARIABLE = YES;
				IPHONEOS_DEPLOYMENT_TARGET = 16.0;
				MTL_ENABLE_DEBUG_INFO = NO;
				MTL_FAST_MATH = YES;
				SDKROOT = iphoneos;
				SWIFT_COMPILATION_MODE = wholemodule;
				SWIFT_OPTIMIZATION_LEVEL = "-O";
				VALIDATE_PRODUCT = YES;
			};
			name = Release;
		};
		373AFBE72918D8C70019EB00 /* Debug */ = {
			isa = XCBuildConfiguration;
			buildSettings = {
				ASSETCATALOG_COMPILER_APPICON_NAME = AppIcon;
				ASSETCATALOG_COMPILER_GLOBAL_ACCENT_COLOR_NAME = AccentColor;
				CODE_SIGN_ENTITLEMENTS = SeSACStudy/SeSACStudy.entitlements;
				CODE_SIGN_STYLE = Automatic;
				CURRENT_PROJECT_VERSION = 1;
				DEVELOPMENT_TEAM = "";
				GENERATE_INFOPLIST_FILE = YES;
				INFOPLIST_FILE = SeSACStudy/Info.plist;
				INFOPLIST_KEY_UIApplicationSupportsIndirectInputEvents = YES;
				INFOPLIST_KEY_UILaunchStoryboardName = LaunchScreen.storyboard;
				INFOPLIST_KEY_UIMainStoryboardFile = Main;
				INFOPLIST_KEY_UISupportedInterfaceOrientations_iPad = "UIInterfaceOrientationPortrait UIInterfaceOrientationPortraitUpsideDown UIInterfaceOrientationLandscapeLeft UIInterfaceOrientationLandscapeRight";
				INFOPLIST_KEY_UISupportedInterfaceOrientations_iPhone = "UIInterfaceOrientationPortrait UIInterfaceOrientationLandscapeLeft UIInterfaceOrientationLandscapeRight";
				IPHONEOS_DEPLOYMENT_TARGET = 15.0;
				LD_RUNPATH_SEARCH_PATHS = (
					"$(inherited)",
					"@executable_path/Frameworks",
				);
				MARKETING_VERSION = 1.0;
				PRODUCT_BUNDLE_IDENTIFIER = com.memolease.sesacslp;
				PRODUCT_NAME = "$(TARGET_NAME)";
				SWIFT_EMIT_LOC_STRINGS = YES;
				SWIFT_VERSION = 5.0;
				TARGETED_DEVICE_FAMILY = "1,2";
			};
			name = Debug;
		};
		373AFBE82918D8C70019EB00 /* Release */ = {
			isa = XCBuildConfiguration;
			buildSettings = {
				ASSETCATALOG_COMPILER_APPICON_NAME = AppIcon;
				ASSETCATALOG_COMPILER_GLOBAL_ACCENT_COLOR_NAME = AccentColor;
				CODE_SIGN_ENTITLEMENTS = SeSACStudy/SeSACStudy.entitlements;
				CODE_SIGN_STYLE = Automatic;
				CURRENT_PROJECT_VERSION = 1;
				DEVELOPMENT_TEAM = "";
				GENERATE_INFOPLIST_FILE = YES;
				INFOPLIST_FILE = SeSACStudy/Info.plist;
				INFOPLIST_KEY_UIApplicationSupportsIndirectInputEvents = YES;
				INFOPLIST_KEY_UILaunchStoryboardName = LaunchScreen.storyboard;
				INFOPLIST_KEY_UIMainStoryboardFile = Main;
				INFOPLIST_KEY_UISupportedInterfaceOrientations_iPad = "UIInterfaceOrientationPortrait UIInterfaceOrientationPortraitUpsideDown UIInterfaceOrientationLandscapeLeft UIInterfaceOrientationLandscapeRight";
				INFOPLIST_KEY_UISupportedInterfaceOrientations_iPhone = "UIInterfaceOrientationPortrait UIInterfaceOrientationLandscapeLeft UIInterfaceOrientationLandscapeRight";
				IPHONEOS_DEPLOYMENT_TARGET = 15.0;
				LD_RUNPATH_SEARCH_PATHS = (
					"$(inherited)",
					"@executable_path/Frameworks",
				);
				MARKETING_VERSION = 1.0;
				PRODUCT_BUNDLE_IDENTIFIER = com.memolease.sesacslp;
				PRODUCT_NAME = "$(TARGET_NAME)";
				SWIFT_EMIT_LOC_STRINGS = YES;
				SWIFT_VERSION = 5.0;
				TARGETED_DEVICE_FAMILY = "1,2";
			};
			name = Release;
		};
/* End XCBuildConfiguration section */

/* Begin XCConfigurationList section */
		373AFBCD2918D8C40019EB00 /* Build configuration list for PBXProject "SeSACStudy" */ = {
			isa = XCConfigurationList;
			buildConfigurations = (
				373AFBE42918D8C70019EB00 /* Debug */,
				373AFBE52918D8C70019EB00 /* Release */,
			);
			defaultConfigurationIsVisible = 0;
			defaultConfigurationName = Release;
		};
		373AFBE62918D8C70019EB00 /* Build configuration list for PBXNativeTarget "SeSACStudy" */ = {
			isa = XCConfigurationList;
			buildConfigurations = (
				373AFBE72918D8C70019EB00 /* Debug */,
				373AFBE82918D8C70019EB00 /* Release */,
			);
			defaultConfigurationIsVisible = 0;
			defaultConfigurationName = Release;
		};
/* End XCConfigurationList section */

/* Begin XCRemoteSwiftPackageReference section */
		373119D5291CC39700B4CA8D /* XCRemoteSwiftPackageReference "IQKeyboardManager" */ = {
			isa = XCRemoteSwiftPackageReference;
			repositoryURL = "https://github.com/hackiftekhar/IQKeyboardManager";
			requirement = {
				kind = exactVersion;
				version = 6.5.10;
			};
		};
		373AFBF02918E8820019EB00 /* XCRemoteSwiftPackageReference "SnapKit" */ = {
			isa = XCRemoteSwiftPackageReference;
			repositoryURL = "https://github.com/SnapKit/SnapKit";
			requirement = {
				kind = upToNextMajorVersion;
				minimumVersion = 5.0.0;
			};
		};
		37F3EECA2920D6C5002F2597 /* XCRemoteSwiftPackageReference "Alamofire" */ = {
			isa = XCRemoteSwiftPackageReference;
			repositoryURL = "https://github.com/Alamofire/Alamofire";
			requirement = {
				kind = upToNextMajorVersion;
				minimumVersion = 5.0.0;
			};
		};
		37F3EED029210714002F2597 /* XCRemoteSwiftPackageReference "firebase-ios-sdk" */ = {
			isa = XCRemoteSwiftPackageReference;
			repositoryURL = "https://github.com/firebase/firebase-ios-sdk";
			requirement = {
				kind = upToNextMajorVersion;
				minimumVersion = 9.0.0;
			};
		};
/* End XCRemoteSwiftPackageReference section */

/* Begin XCSwiftPackageProductDependency section */
		373119D6291CC39700B4CA8D /* IQKeyboardManagerSwift */ = {
			isa = XCSwiftPackageProductDependency;
			package = 373119D5291CC39700B4CA8D /* XCRemoteSwiftPackageReference "IQKeyboardManager" */;
			productName = IQKeyboardManagerSwift;
		};
		373AFBF12918E8820019EB00 /* SnapKit */ = {
			isa = XCSwiftPackageProductDependency;
			package = 373AFBF02918E8820019EB00 /* XCRemoteSwiftPackageReference "SnapKit" */;
			productName = SnapKit;
		};
		37F3EECB2920D6C5002F2597 /* Alamofire */ = {
			isa = XCSwiftPackageProductDependency;
			package = 37F3EECA2920D6C5002F2597 /* XCRemoteSwiftPackageReference "Alamofire" */;
			productName = Alamofire;
		};
		37F3EED129210714002F2597 /* FirebaseAnalyticsWithoutAdIdSupport */ = {
			isa = XCSwiftPackageProductDependency;
			package = 37F3EED029210714002F2597 /* XCRemoteSwiftPackageReference "firebase-ios-sdk" */;
			productName = FirebaseAnalyticsWithoutAdIdSupport;
		};
		37F3EED329210714002F2597 /* FirebaseAuth */ = {
			isa = XCSwiftPackageProductDependency;
			package = 37F3EED029210714002F2597 /* XCRemoteSwiftPackageReference "firebase-ios-sdk" */;
			productName = FirebaseAuth;
		};
		37F3EED529210714002F2597 /* FirebaseMessaging */ = {
			isa = XCSwiftPackageProductDependency;
			package = 37F3EED029210714002F2597 /* XCRemoteSwiftPackageReference "firebase-ios-sdk" */;
			productName = FirebaseMessaging;
		};
/* End XCSwiftPackageProductDependency section */
	};
	rootObject = 373AFBCA2918D8C40019EB00 /* Project object */;
}
